
Microsoft Visual Studio Solution File, Format Version 12.00
# Visual Studio Version 17
VisualStudioVersion = 17.5.002.0
MinimumVisualStudioVersion = 10.0.40219.1
Project("{9A19103F-16F7-4668-BE54-9A1E7A4F7556}") = "C#ConsoleAppPractice", "C#ConsoleAppPractice.csproj", "{9F0E0D7C-D6A3-44DB-B332-30059B644706}"
EndProject
Global
	GlobalSection(SolutionConfigurationPlatforms) = preSolution
		Debug|Any CPU = Debug|Any CPU
		Release|Any CPU = Release|Any CPU
	EndGlobalSection
	GlobalSection(ProjectConfigurationPlatforms) = postSolution
		{9F0E0D7C-D6A3-44DB-B332-30059B644706}.Debug|Any CPU.ActiveCfg = Debug|Any CPU
		{9F0E0D7C-D6A3-44DB-B332-30059B644706}.Debug|Any CPU.Build.0 = Debug|Any CPU
		{9F0E0D7C-D6A3-44DB-B332-30059B644706}.Release|Any CPU.ActiveCfg = Release|Any CPU
		{9F0E0D7C-D6A3-44DB-B332-30059B644706}.Release|Any CPU.Build.0 = Release|Any CPU
	EndGlobalSection
	GlobalSection(SolutionProperties) = preSolution
		HideSolutionNode = FALSE
	EndGlobalSection
	GlobalSection(ExtensibilityGlobals) = postSolution
		SolutionGuid = {8F2A6F76-BF31-4A11-B3C0-9E60517051D5}
	EndGlobalSection
EndGlobal
